
Microsoft Visual Studio Solution File, Format Version 12.00
# Visual Studio Version 17
VisualStudioVersion = 17.3.32825.248
MinimumVisualStudioVersion = 10.0.40219.1
Project("{FAE04EC0-301F-11D3-BF4B-00C04F79EFBC}") = "Prova2Poo", "Prova2Poo\Prova2Poo.csproj", "{914D912D-E26D-43DA-A741-D95E8929CF36}"
EndProject
Global
	GlobalSection(SolutionConfigurationPlatforms) = preSolution
		Debug|Any CPU = Debug|Any CPU
		Release|Any CPU = Release|Any CPU
	EndGlobalSection
	GlobalSection(ProjectConfigurationPlatforms) = postSolution
		{914D912D-E26D-43DA-A741-D95E8929CF36}.Debug|Any CPU.ActiveCfg = Debug|Any CPU
		{914D912D-E26D-43DA-A741-D95E8929CF36}.Debug|Any CPU.Build.0 = Debug|Any CPU
		{914D912D-E26D-43DA-A741-D95E8929CF36}.Release|Any CPU.ActiveCfg = Release|Any CPU
		{914D912D-E26D-43DA-A741-D95E8929CF36}.Release|Any CPU.Build.0 = Release|Any CPU
	EndGlobalSection
	GlobalSection(SolutionProperties) = preSolution
		HideSolutionNode = FALSE
	EndGlobalSection
	GlobalSection(ExtensibilityGlobals) = postSolution
		SolutionGuid = {F383DA75-46BA-4017-B686-2F253D3678B3}
	EndGlobalSection
EndGlobal
